
Microsoft Visual Studio Solution File, Format Version 12.00
# Visual Studio Version 17
VisualStudioVersion = 17.0.31919.166
MinimumVisualStudioVersion = 10.0.40219.1
Project("{2150E333-8FDC-42A3-9474-1A3956D46DE8}") = "src", "src", "{7A531CC4-B839-40D7-B44D-159A7172BB8A}"
EndProject
Project("{2150E333-8FDC-42A3-9474-1A3956D46DE8}") = "Tests", "Tests", "{FA5C7659-1ED7-4D1C-987E-198BCD80F8C1}"
EndProject
Project("{2150E333-8FDC-42A3-9474-1A3956D46DE8}") = "Core", "Core", "{010D8BA6-E1F8-4195-B440-AF883ACA19CF}"
EndProject
Project("{2150E333-8FDC-42A3-9474-1A3956D46DE8}") = "Infrastructure", "Infrastructure", "{4F6237CE-B5CC-4BDA-80A8-797811EE3427}"
EndProject
Project("{2150E333-8FDC-42A3-9474-1A3956D46DE8}") = "Presentation", "Presentation", "{54FF67F3-368D-4630-93EC-BFEFB4A431AD}"
EndProject
Project("{2150E333-8FDC-42A3-9474-1A3956D46DE8}") = "Shared", "Shared", "{1E2677C5-1EA1-491D-A75A-39E5DCE13FA6}"
EndProject
Project("{2150E333-8FDC-42A3-9474-1A3956D46DE8}") = "Integration", "Integration", "{44A8DD6D-990A-400F-A492-BE2421286C84}"
EndProject
Project("{2150E333-8FDC-42A3-9474-1A3956D46DE8}") = "Unit", "Unit", "{398A46A7-D460-4A96-AA4D-09D56C2E4DD3}"
EndProject
Project("{2150E333-8FDC-42A3-9474-1A3956D46DE8}") = "Application", "Application", "{C9386237-46F7-4898-A43C-75EBF7226D46}"
EndProject
Project("{2150E333-8FDC-42A3-9474-1A3956D46DE8}") = "Infrastructure", "Infrastructure", "{CA3F872B-8478-40F2-BED0-40347EB47E26}"
EndProject
Project("{9A19103F-16F7-4668-BE54-9A1E7A4F7556}") = "Kessewa.Quiz.Integration.Tests", "Kessewa.Quiz.Integration.Tests\Kessewa.Quiz.Integration.Tests.csproj", "{56C5DDB5-CB81-412B-B281-FC04CA99A0BE}"
EndProject
Project("{9A19103F-16F7-4668-BE54-9A1E7A4F7556}") = "Kessewa.Quiz.Unit.Tests", "Kessewa.Quiz.Unit.Tests\Kessewa.Quiz.Unit.Tests.csproj", "{7CFE7738-71FB-421A-BA3C-EE938B063646}"
EndProject
Project("{9A19103F-16F7-4668-BE54-9A1E7A4F7556}") = "Kessewa.Quiz.WebApi", "Kessewa.Quiz.WebApi\Kessewa.Quiz.WebApi.csproj", "{5C6D9DE6-F9CB-40E4-BEB6-7D2EEB1E6181}"
EndProject
Project("{2150E333-8FDC-42A3-9474-1A3956D46DE8}") = "API", "API", "{C3FD940E-50D5-4051-A7EB-F59766885CE5}"
EndProject
Project("{2150E333-8FDC-42A3-9474-1A3956D46DE8}") = "TeacherUI", "TeacherUI", "{4E9C076B-2619-4FD5-A852-BD81DE6D3001}"
EndProject
Project("{2150E333-8FDC-42A3-9474-1A3956D46DE8}") = "StudentUI", "StudentUI", "{AD2B4148-3CB4-4C70-B362-9CBA3C368304}"
EndProject
Project("{9A19103F-16F7-4668-BE54-9A1E7A4F7556}") = "Kessewa.Quiz.Processors", "Kessewa.Quiz.Processors\Kessewa.Quiz.Processors.csproj", "{85FD18EA-3861-4C7A-A984-54C3C8321D74}"
EndProject
Project("{9A19103F-16F7-4668-BE54-9A1E7A4F7556}") = "Kessewa.Quiz.Application", "Kessewa.Quiz.Application\Kessewa.Quiz.Application.csproj", "{96C43197-5635-4FBA-9C8A-2973825AEA17}"
EndProject
Project("{9A19103F-16F7-4668-BE54-9A1E7A4F7556}") = "Kessewa.Quiz.Infrastructure", "Kessewa.Quiz.Infrastructure\Kessewa.Quiz.Infrastructure.csproj", "{326168F1-5DE9-42EF-9ED5-DADF72122F51}"
EndProject
Project("{9A19103F-16F7-4668-BE54-9A1E7A4F7556}") = "Kessewa.Quiz.Student.UI", "Kessewa.Quiz.Student.UI\Kessewa.Quiz.Student.UI.csproj", "{CA526FCE-3908-44A9-9A25-FF0030ED647B}"
EndProject
Project("{9A19103F-16F7-4668-BE54-9A1E7A4F7556}") = "Kessewa.Quiz.Teachers.UI", "Kessewa.Quiz.Teachers.UI\Kessewa.Quiz.Teachers.UI.csproj", "{C696A7B8-35AD-48AD-8E6B-2EB2A786A76E}"
EndProject
Project("{2150E333-8FDC-42A3-9474-1A3956D46DE8}") = "Persistence", "Persistence", "{650AB79D-60C2-4F84-A49D-1F353D114780}"
EndProject
Project("{9A19103F-16F7-4668-BE54-9A1E7A4F7556}") = "Kessewa.Quiz.Persistence", "Kessewa.Quiz.Persistence\Kessewa.Quiz.Persistence.csproj", "{FC58576B-9EA7-4294-ACF2-5D3E914D91DD}"
EndProject
Project("{2150E333-8FDC-42A3-9474-1A3956D46DE8}") = "Domain", "Domain", "{F334E88C-3C7B-45D1-AA0A-DFD50AA61DA0}"
EndProject
Project("{9A19103F-16F7-4668-BE54-9A1E7A4F7556}") = "Kessewa.Quiz.Domain", "Kessewa.Quiz.Domain\Kessewa.Quiz.Domain.csproj", "{21BEA923-681C-42F5-9233-60DBC805CDF2}"
EndProject
Project("{2150E333-8FDC-42A3-9474-1A3956D46DE8}") = "Benchmarker", "Benchmarker", "{0346F738-84E2-4641-AAE2-A25D0DA8B4B6}"
EndProject
Global
	GlobalSection(SolutionConfigurationPlatforms) = preSolution
		Debug|Any CPU = Debug|Any CPU
		Release|Any CPU = Release|Any CPU
	EndGlobalSection
	GlobalSection(ProjectConfigurationPlatforms) = postSolution
		{56C5DDB5-CB81-412B-B281-FC04CA99A0BE}.Debug|Any CPU.ActiveCfg = Debug|Any CPU
		{56C5DDB5-CB81-412B-B281-FC04CA99A0BE}.Debug|Any CPU.Build.0 = Debug|Any CPU
		{56C5DDB5-CB81-412B-B281-FC04CA99A0BE}.Release|Any CPU.ActiveCfg = Release|Any CPU
		{56C5DDB5-CB81-412B-B281-FC04CA99A0BE}.Release|Any CPU.Build.0 = Release|Any CPU
		{7CFE7738-71FB-421A-BA3C-EE938B063646}.Debug|Any CPU.ActiveCfg = Debug|Any CPU
		{7CFE7738-71FB-421A-BA3C-EE938B063646}.Debug|Any CPU.Build.0 = Debug|Any CPU
		{7CFE7738-71FB-421A-BA3C-EE938B063646}.Release|Any CPU.ActiveCfg = Release|Any CPU
		{7CFE7738-71FB-421A-BA3C-EE938B063646}.Release|Any CPU.Build.0 = Release|Any CPU
		{5C6D9DE6-F9CB-40E4-BEB6-7D2EEB1E6181}.Debug|Any CPU.ActiveCfg = Debug|Any CPU
		{5C6D9DE6-F9CB-40E4-BEB6-7D2EEB1E6181}.Debug|Any CPU.Build.0 = Debug|Any CPU
		{5C6D9DE6-F9CB-40E4-BEB6-7D2EEB1E6181}.Release|Any CPU.ActiveCfg = Release|Any CPU
		{5C6D9DE6-F9CB-40E4-BEB6-7D2EEB1E6181}.Release|Any CPU.Build.0 = Release|Any CPU
		{85FD18EA-3861-4C7A-A984-54C3C8321D74}.Debug|Any CPU.ActiveCfg = Debug|Any CPU
		{85FD18EA-3861-4C7A-A984-54C3C8321D74}.Debug|Any CPU.Build.0 = Debug|Any CPU
		{85FD18EA-3861-4C7A-A984-54C3C8321D74}.Release|Any CPU.ActiveCfg = Release|Any CPU
		{85FD18EA-3861-4C7A-A984-54C3C8321D74}.Release|Any CPU.Build.0 = Release|Any CPU
		{96C43197-5635-4FBA-9C8A-2973825AEA17}.Debug|Any CPU.ActiveCfg = Debug|Any CPU
		{96C43197-5635-4FBA-9C8A-2973825AEA17}.Debug|Any CPU.Build.0 = Debug|Any CPU
		{96C43197-5635-4FBA-9C8A-2973825AEA17}.Release|Any CPU.ActiveCfg = Release|Any CPU
		{96C43197-5635-4FBA-9C8A-2973825AEA17}.Release|Any CPU.Build.0 = Release|Any CPU
		{326168F1-5DE9-42EF-9ED5-DADF72122F51}.Debug|Any CPU.ActiveCfg = Debug|Any CPU
		{326168F1-5DE9-42EF-9ED5-DADF72122F51}.Debug|Any CPU.Build.0 = Debug|Any CPU
		{326168F1-5DE9-42EF-9ED5-DADF72122F51}.Release|Any CPU.ActiveCfg = Release|Any CPU
		{326168F1-5DE9-42EF-9ED5-DADF72122F51}.Release|Any CPU.Build.0 = Release|Any CPU
		{CA526FCE-3908-44A9-9A25-FF0030ED647B}.Debug|Any CPU.ActiveCfg = Debug|Any CPU
		{CA526FCE-3908-44A9-9A25-FF0030ED647B}.Debug|Any CPU.Build.0 = Debug|Any CPU
		{CA526FCE-3908-44A9-9A25-FF0030ED647B}.Release|Any CPU.ActiveCfg = Release|Any CPU
		{CA526FCE-3908-44A9-9A25-FF0030ED647B}.Release|Any CPU.Build.0 = Release|Any CPU
		{C696A7B8-35AD-48AD-8E6B-2EB2A786A76E}.Debug|Any CPU.ActiveCfg = Debug|Any CPU
		{C696A7B8-35AD-48AD-8E6B-2EB2A786A76E}.Debug|Any CPU.Build.0 = Debug|Any CPU
		{C696A7B8-35AD-48AD-8E6B-2EB2A786A76E}.Release|Any CPU.ActiveCfg = Release|Any CPU
		{C696A7B8-35AD-48AD-8E6B-2EB2A786A76E}.Release|Any CPU.Build.0 = Release|Any CPU
		{FC58576B-9EA7-4294-ACF2-5D3E914D91DD}.Debug|Any CPU.ActiveCfg = Debug|Any CPU
		{FC58576B-9EA7-4294-ACF2-5D3E914D91DD}.Debug|Any CPU.Build.0 = Debug|Any CPU
		{FC58576B-9EA7-4294-ACF2-5D3E914D91DD}.Release|Any CPU.ActiveCfg = Release|Any CPU
		{FC58576B-9EA7-4294-ACF2-5D3E914D91DD}.Release|Any CPU.Build.0 = Release|Any CPU
		{21BEA923-681C-42F5-9233-60DBC805CDF2}.Debug|Any CPU.ActiveCfg = Debug|Any CPU
		{21BEA923-681C-42F5-9233-60DBC805CDF2}.Debug|Any CPU.Build.0 = Debug|Any CPU
		{21BEA923-681C-42F5-9233-60DBC805CDF2}.Release|Any CPU.ActiveCfg = Release|Any CPU
		{21BEA923-681C-42F5-9233-60DBC805CDF2}.Release|Any CPU.Build.0 = Release|Any CPU
	EndGlobalSection
	GlobalSection(SolutionProperties) = preSolution
		HideSolutionNode = FALSE
	EndGlobalSection
	GlobalSection(NestedProjects) = preSolution
		{010D8BA6-E1F8-4195-B440-AF883ACA19CF} = {7A531CC4-B839-40D7-B44D-159A7172BB8A}
		{4F6237CE-B5CC-4BDA-80A8-797811EE3427} = {7A531CC4-B839-40D7-B44D-159A7172BB8A}
		{54FF67F3-368D-4630-93EC-BFEFB4A431AD} = {7A531CC4-B839-40D7-B44D-159A7172BB8A}
		{1E2677C5-1EA1-491D-A75A-39E5DCE13FA6} = {7A531CC4-B839-40D7-B44D-159A7172BB8A}
		{44A8DD6D-990A-400F-A492-BE2421286C84} = {FA5C7659-1ED7-4D1C-987E-198BCD80F8C1}
		{398A46A7-D460-4A96-AA4D-09D56C2E4DD3} = {FA5C7659-1ED7-4D1C-987E-198BCD80F8C1}
		{C9386237-46F7-4898-A43C-75EBF7226D46} = {010D8BA6-E1F8-4195-B440-AF883ACA19CF}
		{CA3F872B-8478-40F2-BED0-40347EB47E26} = {4F6237CE-B5CC-4BDA-80A8-797811EE3427}
		{56C5DDB5-CB81-412B-B281-FC04CA99A0BE} = {44A8DD6D-990A-400F-A492-BE2421286C84}
		{7CFE7738-71FB-421A-BA3C-EE938B063646} = {398A46A7-D460-4A96-AA4D-09D56C2E4DD3}
		{5C6D9DE6-F9CB-40E4-BEB6-7D2EEB1E6181} = {C3FD940E-50D5-4051-A7EB-F59766885CE5}
		{C3FD940E-50D5-4051-A7EB-F59766885CE5} = {54FF67F3-368D-4630-93EC-BFEFB4A431AD}
		{4E9C076B-2619-4FD5-A852-BD81DE6D3001} = {54FF67F3-368D-4630-93EC-BFEFB4A431AD}
		{AD2B4148-3CB4-4C70-B362-9CBA3C368304} = {54FF67F3-368D-4630-93EC-BFEFB4A431AD}
		{85FD18EA-3861-4C7A-A984-54C3C8321D74} = {C9386237-46F7-4898-A43C-75EBF7226D46}
		{96C43197-5635-4FBA-9C8A-2973825AEA17} = {C9386237-46F7-4898-A43C-75EBF7226D46}
		{326168F1-5DE9-42EF-9ED5-DADF72122F51} = {CA3F872B-8478-40F2-BED0-40347EB47E26}
		{CA526FCE-3908-44A9-9A25-FF0030ED647B} = {AD2B4148-3CB4-4C70-B362-9CBA3C368304}
		{C696A7B8-35AD-48AD-8E6B-2EB2A786A76E} = {4E9C076B-2619-4FD5-A852-BD81DE6D3001}
		{650AB79D-60C2-4F84-A49D-1F353D114780} = {4F6237CE-B5CC-4BDA-80A8-797811EE3427}
		{FC58576B-9EA7-4294-ACF2-5D3E914D91DD} = {650AB79D-60C2-4F84-A49D-1F353D114780}
		{F334E88C-3C7B-45D1-AA0A-DFD50AA61DA0} = {010D8BA6-E1F8-4195-B440-AF883ACA19CF}
		{21BEA923-681C-42F5-9233-60DBC805CDF2} = {F334E88C-3C7B-45D1-AA0A-DFD50AA61DA0}
		{0346F738-84E2-4641-AAE2-A25D0DA8B4B6} = {FA5C7659-1ED7-4D1C-987E-198BCD80F8C1}
	EndGlobalSection
	GlobalSection(ExtensibilityGlobals) = postSolution
		SolutionGuid = {C93A2744-D85D-4892-83FA-0B2DCBAAAFB8}
	EndGlobalSection
EndGlobal
