
Microsoft Visual Studio Solution File, Format Version 12.00
# Visual Studio Version 17
VisualStudioVersion = 17.0.31919.166
MinimumVisualStudioVersion = 10.0.40219.1
Project("{2150E333-8FDC-42A3-9474-1A3956D46DE8}") = "src", "src", "{7A531CC4-B839-40D7-B44D-159A7172BB8A}"
EndProject
Project("{2150E333-8FDC-42A3-9474-1A3956D46DE8}") = "Tests", "Tests", "{FA5C7659-1ED7-4D1C-987E-198BCD80F8C1}"
EndProject
Project("{2150E333-8FDC-42A3-9474-1A3956D46DE8}") = "Core", "Core", "{010D8BA6-E1F8-4195-B440-AF883ACA19CF}"
EndProject
Project("{2150E333-8FDC-42A3-9474-1A3956D46DE8}") = "Infrastructure", "Infrastructure", "{4F6237CE-B5CC-4BDA-80A8-797811EE3427}"
EndProject
Project("{2150E333-8FDC-42A3-9474-1A3956D46DE8}") = "Presentation", "Presentation", "{54FF67F3-368D-4630-93EC-BFEFB4A431AD}"
EndProject
Project("{2150E333-8FDC-42A3-9474-1A3956D46DE8}") = "Shared", "Shared", "{1E2677C5-1EA1-491D-A75A-39E5DCE13FA6}"
EndProject
Project("{2150E333-8FDC-42A3-9474-1A3956D46DE8}") = "Integration", "Integration", "{44A8DD6D-990A-400F-A492-BE2421286C84}"
EndProject
Project("{2150E333-8FDC-42A3-9474-1A3956D46DE8}") = "Unit", "Unit", "{398A46A7-D460-4A96-AA4D-09D56C2E4DD3}"
EndProject
Project("{2150E333-8FDC-42A3-9474-1A3956D46DE8}") = "Application", "Application", "{C9386237-46F7-4898-A43C-75EBF7226D46}"
EndProject
Project("{2150E333-8FDC-42A3-9474-1A3956D46DE8}") = "Domain", "Domain", "{AE5EF3FF-2BAF-4EB3-8278-BBFF96D28EF2}"
EndProject
Project("{2150E333-8FDC-42A3-9474-1A3956D46DE8}") = "Persistence", "Persistence", "{09DA36BA-F942-4436-B479-7C67C7BAB182}"
EndProject
Project("{2150E333-8FDC-42A3-9474-1A3956D46DE8}") = "Infrastructure", "Infrastructure", "{CA3F872B-8478-40F2-BED0-40347EB47E26}"
EndProject
Project("{FAE04EC0-301F-11D3-BF4B-00C04F79EFBC}") = "Kessewa.Quiz.Integration.Tests", "Kessewa.Quiz.Integration.Tests\Kessewa.Quiz.Integration.Tests.csproj", "{56C5DDB5-CB81-412B-B281-FC04CA99A0BE}"
EndProject
Project("{FAE04EC0-301F-11D3-BF4B-00C04F79EFBC}") = "Kessewa.Quiz.Unit.Tests", "Kessewa.Quiz.Unit.Tests\Kessewa.Quiz.Unit.Tests.csproj", "{7CFE7738-71FB-421A-BA3C-EE938B063646}"
EndProject
Global
	GlobalSection(SolutionConfigurationPlatforms) = preSolution
		Debug|Any CPU = Debug|Any CPU
		Release|Any CPU = Release|Any CPU
	EndGlobalSection
	GlobalSection(ProjectConfigurationPlatforms) = postSolution
		{56C5DDB5-CB81-412B-B281-FC04CA99A0BE}.Debug|Any CPU.ActiveCfg = Debug|Any CPU
		{56C5DDB5-CB81-412B-B281-FC04CA99A0BE}.Debug|Any CPU.Build.0 = Debug|Any CPU
		{56C5DDB5-CB81-412B-B281-FC04CA99A0BE}.Release|Any CPU.ActiveCfg = Release|Any CPU
		{56C5DDB5-CB81-412B-B281-FC04CA99A0BE}.Release|Any CPU.Build.0 = Release|Any CPU
		{7CFE7738-71FB-421A-BA3C-EE938B063646}.Debug|Any CPU.ActiveCfg = Debug|Any CPU
		{7CFE7738-71FB-421A-BA3C-EE938B063646}.Debug|Any CPU.Build.0 = Debug|Any CPU
		{7CFE7738-71FB-421A-BA3C-EE938B063646}.Release|Any CPU.ActiveCfg = Release|Any CPU
		{7CFE7738-71FB-421A-BA3C-EE938B063646}.Release|Any CPU.Build.0 = Release|Any CPU
	EndGlobalSection
	GlobalSection(SolutionProperties) = preSolution
		HideSolutionNode = FALSE
	EndGlobalSection
	GlobalSection(NestedProjects) = preSolution
		{010D8BA6-E1F8-4195-B440-AF883ACA19CF} = {7A531CC4-B839-40D7-B44D-159A7172BB8A}
		{4F6237CE-B5CC-4BDA-80A8-797811EE3427} = {7A531CC4-B839-40D7-B44D-159A7172BB8A}
		{54FF67F3-368D-4630-93EC-BFEFB4A431AD} = {7A531CC4-B839-40D7-B44D-159A7172BB8A}
		{1E2677C5-1EA1-491D-A75A-39E5DCE13FA6} = {7A531CC4-B839-40D7-B44D-159A7172BB8A}
		{44A8DD6D-990A-400F-A492-BE2421286C84} = {FA5C7659-1ED7-4D1C-987E-198BCD80F8C1}
		{398A46A7-D460-4A96-AA4D-09D56C2E4DD3} = {FA5C7659-1ED7-4D1C-987E-198BCD80F8C1}
		{C9386237-46F7-4898-A43C-75EBF7226D46} = {010D8BA6-E1F8-4195-B440-AF883ACA19CF}
		{AE5EF3FF-2BAF-4EB3-8278-BBFF96D28EF2} = {010D8BA6-E1F8-4195-B440-AF883ACA19CF}
		{09DA36BA-F942-4436-B479-7C67C7BAB182} = {4F6237CE-B5CC-4BDA-80A8-797811EE3427}
		{CA3F872B-8478-40F2-BED0-40347EB47E26} = {4F6237CE-B5CC-4BDA-80A8-797811EE3427}
		{56C5DDB5-CB81-412B-B281-FC04CA99A0BE} = {44A8DD6D-990A-400F-A492-BE2421286C84}
		{7CFE7738-71FB-421A-BA3C-EE938B063646} = {398A46A7-D460-4A96-AA4D-09D56C2E4DD3}
	EndGlobalSection
	GlobalSection(ExtensibilityGlobals) = postSolution
		SolutionGuid = {C93A2744-D85D-4892-83FA-0B2DCBAAAFB8}
	EndGlobalSection
EndGlobal
